
Microsoft Visual Studio Solution File, Format Version 12.00
# Visual Studio 15
VisualStudioVersion = 15.0.28307.329
MinimumVisualStudioVersion = 10.0.40219.1
Project("{2150E333-8FDC-42A3-9474-1A3956D46DE8}") = "src", "src", "{7F7DBE15-9FDC-4D28-B4C5-B9DABD49C730}"
EndProject
Project("{2150E333-8FDC-42A3-9474-1A3956D46DE8}") = "test", "test", "{699B3939-7414-4E22-A705-14F4A5763C66}"
EndProject
Project("{9A19103F-16F7-4668-BE54-9A1E7A4F7556}") = "Aurochses.AspNetCore.Identity.Twilio", "src\Aurochses.AspNetCore.Identity.Twilio\Aurochses.AspNetCore.Identity.Twilio.csproj", "{04026BED-D623-4034-B7F5-7F4A3C16FE52}"
EndProject
Project("{9A19103F-16F7-4668-BE54-9A1E7A4F7556}") = "Aurochses.AspNetCore.Identity.Twilio.Tests", "test\Aurochses.AspNetCore.Identity.Twilio.Tests\Aurochses.AspNetCore.Identity.Twilio.Tests.csproj", "{CB79BAC1-7E87-4D79-96ED-0794E192CB6B}"
EndProject
Project("{9A19103F-16F7-4668-BE54-9A1E7A4F7556}") = "Aurochses.AspNetCore.Identity.Twilio.IntegrationTests", "test\Aurochses.AspNetCore.Identity.Twilio.IntegrationTests\Aurochses.AspNetCore.Identity.Twilio.IntegrationTests.csproj", "{90A00988-36EE-4A21-B91C-FDAB384771E7}"
EndProject
Global
	GlobalSection(SolutionConfigurationPlatforms) = preSolution
		Debug|Any CPU = Debug|Any CPU
		Release|Any CPU = Release|Any CPU
	EndGlobalSection
	GlobalSection(ProjectConfigurationPlatforms) = postSolution
		{04026BED-D623-4034-B7F5-7F4A3C16FE52}.Debug|Any CPU.ActiveCfg = Debug|Any CPU
		{04026BED-D623-4034-B7F5-7F4A3C16FE52}.Debug|Any CPU.Build.0 = Debug|Any CPU
		{04026BED-D623-4034-B7F5-7F4A3C16FE52}.Release|Any CPU.ActiveCfg = Release|Any CPU
		{04026BED-D623-4034-B7F5-7F4A3C16FE52}.Release|Any CPU.Build.0 = Release|Any CPU
		{CB79BAC1-7E87-4D79-96ED-0794E192CB6B}.Debug|Any CPU.ActiveCfg = Debug|Any CPU
		{CB79BAC1-7E87-4D79-96ED-0794E192CB6B}.Debug|Any CPU.Build.0 = Debug|Any CPU
		{CB79BAC1-7E87-4D79-96ED-0794E192CB6B}.Release|Any CPU.ActiveCfg = Release|Any CPU
		{CB79BAC1-7E87-4D79-96ED-0794E192CB6B}.Release|Any CPU.Build.0 = Release|Any CPU
		{90A00988-36EE-4A21-B91C-FDAB384771E7}.Debug|Any CPU.ActiveCfg = Debug|Any CPU
		{90A00988-36EE-4A21-B91C-FDAB384771E7}.Debug|Any CPU.Build.0 = Debug|Any CPU
		{90A00988-36EE-4A21-B91C-FDAB384771E7}.Release|Any CPU.ActiveCfg = Release|Any CPU
		{90A00988-36EE-4A21-B91C-FDAB384771E7}.Release|Any CPU.Build.0 = Release|Any CPU
	EndGlobalSection
	GlobalSection(SolutionProperties) = preSolution
		HideSolutionNode = FALSE
	EndGlobalSection
	GlobalSection(NestedProjects) = preSolution
		{04026BED-D623-4034-B7F5-7F4A3C16FE52} = {7F7DBE15-9FDC-4D28-B4C5-B9DABD49C730}
		{CB79BAC1-7E87-4D79-96ED-0794E192CB6B} = {699B3939-7414-4E22-A705-14F4A5763C66}
		{90A00988-36EE-4A21-B91C-FDAB384771E7} = {699B3939-7414-4E22-A705-14F4A5763C66}
	EndGlobalSection
	GlobalSection(ExtensibilityGlobals) = postSolution
		SolutionGuid = {BC204B61-EF5A-4DC6-84E5-876F35DF5208}
	EndGlobalSection
EndGlobal
